
Microsoft Visual Studio Solution File, Format Version 12.00
# Visual Studio 2013
VisualStudioVersion = 12.0.30723.0
MinimumVisualStudioVersion = 10.0.40219.1
Project("{262852C6-CD72-467D-83FE-5EEB1973A190}") = "SmartDiagnosis.Windows", "SmartDiagnosis.Windows.jsproj", "{1F6286B3-DE0D-4D5B-B618-7115707F77CD}"
EndProject
Project("{262852C6-CD72-467D-83FE-5EEB1973A190}") = "SmartDiagnosis.WindowsPhone", "..\SmartDiagnosis.WindowsPhone\SmartDiagnosis.WindowsPhone.jsproj", "{910C2E0C-105E-4BE4-807F-7FF40E6A503E}"
EndProject
Global
	GlobalSection(SharedMSBuildProjectFiles) = preSolution
		..\SmartDiagnosis.Shared\SmartDiagnosis.Shared.projitems*{1f6286b3-de0d-4d5b-b618-7115707f77cd}*SharedItemsImports = 5
		..\SmartDiagnosis.Shared\SmartDiagnosis.Shared.projitems*{910c2e0c-105e-4be4-807f-7ff40e6a503e}*SharedItemsImports = 5
	EndGlobalSection
	GlobalSection(SolutionConfigurationPlatforms) = preSolution
		Debug|Any CPU = Debug|Any CPU
		Debug|ARM = Debug|ARM
		Debug|x64 = Debug|x64
		Debug|x86 = Debug|x86
		Release|Any CPU = Release|Any CPU
		Release|ARM = Release|ARM
		Release|x64 = Release|x64
		Release|x86 = Release|x86
	EndGlobalSection
	GlobalSection(ProjectConfigurationPlatforms) = postSolution
		{1F6286B3-DE0D-4D5B-B618-7115707F77CD}.Debug|Any CPU.ActiveCfg = Debug|Any CPU
		{1F6286B3-DE0D-4D5B-B618-7115707F77CD}.Debug|Any CPU.Build.0 = Debug|Any CPU
		{1F6286B3-DE0D-4D5B-B618-7115707F77CD}.Debug|Any CPU.Deploy.0 = Debug|Any CPU
		{1F6286B3-DE0D-4D5B-B618-7115707F77CD}.Debug|ARM.ActiveCfg = Debug|ARM
		{1F6286B3-DE0D-4D5B-B618-7115707F77CD}.Debug|ARM.Build.0 = Debug|ARM
		{1F6286B3-DE0D-4D5B-B618-7115707F77CD}.Debug|ARM.Deploy.0 = Debug|ARM
		{1F6286B3-DE0D-4D5B-B618-7115707F77CD}.Debug|x64.ActiveCfg = Debug|x64
		{1F6286B3-DE0D-4D5B-B618-7115707F77CD}.Debug|x64.Build.0 = Debug|x64
		{1F6286B3-DE0D-4D5B-B618-7115707F77CD}.Debug|x64.Deploy.0 = Debug|x64
		{1F6286B3-DE0D-4D5B-B618-7115707F77CD}.Debug|x86.ActiveCfg = Debug|x86
		{1F6286B3-DE0D-4D5B-B618-7115707F77CD}.Debug|x86.Build.0 = Debug|x86
		{1F6286B3-DE0D-4D5B-B618-7115707F77CD}.Debug|x86.Deploy.0 = Debug|x86
		{1F6286B3-DE0D-4D5B-B618-7115707F77CD}.Release|Any CPU.ActiveCfg = Release|Any CPU
		{1F6286B3-DE0D-4D5B-B618-7115707F77CD}.Release|Any CPU.Build.0 = Release|Any CPU
		{1F6286B3-DE0D-4D5B-B618-7115707F77CD}.Release|Any CPU.Deploy.0 = Release|Any CPU
		{1F6286B3-DE0D-4D5B-B618-7115707F77CD}.Release|ARM.ActiveCfg = Release|ARM
		{1F6286B3-DE0D-4D5B-B618-7115707F77CD}.Release|ARM.Build.0 = Release|ARM
		{1F6286B3-DE0D-4D5B-B618-7115707F77CD}.Release|ARM.Deploy.0 = Release|ARM
		{1F6286B3-DE0D-4D5B-B618-7115707F77CD}.Release|x64.ActiveCfg = Release|x64
		{1F6286B3-DE0D-4D5B-B618-7115707F77CD}.Release|x64.Build.0 = Release|x64
		{1F6286B3-DE0D-4D5B-B618-7115707F77CD}.Release|x64.Deploy.0 = Release|x64
		{1F6286B3-DE0D-4D5B-B618-7115707F77CD}.Release|x86.ActiveCfg = Release|x86
		{1F6286B3-DE0D-4D5B-B618-7115707F77CD}.Release|x86.Build.0 = Release|x86
		{1F6286B3-DE0D-4D5B-B618-7115707F77CD}.Release|x86.Deploy.0 = Release|x86
		{910C2E0C-105E-4BE4-807F-7FF40E6A503E}.Debug|Any CPU.ActiveCfg = Debug|Any CPU
		{910C2E0C-105E-4BE4-807F-7FF40E6A503E}.Debug|Any CPU.Build.0 = Debug|Any CPU
		{910C2E0C-105E-4BE4-807F-7FF40E6A503E}.Debug|Any CPU.Deploy.0 = Debug|Any CPU
		{910C2E0C-105E-4BE4-807F-7FF40E6A503E}.Debug|ARM.ActiveCfg = Debug|ARM
		{910C2E0C-105E-4BE4-807F-7FF40E6A503E}.Debug|ARM.Build.0 = Debug|ARM
		{910C2E0C-105E-4BE4-807F-7FF40E6A503E}.Debug|ARM.Deploy.0 = Debug|ARM
		{910C2E0C-105E-4BE4-807F-7FF40E6A503E}.Debug|x64.ActiveCfg = Debug|Any CPU
		{910C2E0C-105E-4BE4-807F-7FF40E6A503E}.Debug|x86.ActiveCfg = Debug|x86
		{910C2E0C-105E-4BE4-807F-7FF40E6A503E}.Debug|x86.Build.0 = Debug|x86
		{910C2E0C-105E-4BE4-807F-7FF40E6A503E}.Debug|x86.Deploy.0 = Debug|x86
		{910C2E0C-105E-4BE4-807F-7FF40E6A503E}.Release|Any CPU.ActiveCfg = Release|Any CPU
		{910C2E0C-105E-4BE4-807F-7FF40E6A503E}.Release|Any CPU.Build.0 = Release|Any CPU
		{910C2E0C-105E-4BE4-807F-7FF40E6A503E}.Release|Any CPU.Deploy.0 = Release|Any CPU
		{910C2E0C-105E-4BE4-807F-7FF40E6A503E}.Release|ARM.ActiveCfg = Release|ARM
		{910C2E0C-105E-4BE4-807F-7FF40E6A503E}.Release|ARM.Build.0 = Release|ARM
		{910C2E0C-105E-4BE4-807F-7FF40E6A503E}.Release|ARM.Deploy.0 = Release|ARM
		{910C2E0C-105E-4BE4-807F-7FF40E6A503E}.Release|x64.ActiveCfg = Release|Any CPU
		{910C2E0C-105E-4BE4-807F-7FF40E6A503E}.Release|x86.ActiveCfg = Release|x86
		{910C2E0C-105E-4BE4-807F-7FF40E6A503E}.Release|x86.Build.0 = Release|x86
		{910C2E0C-105E-4BE4-807F-7FF40E6A503E}.Release|x86.Deploy.0 = Release|x86
	EndGlobalSection
	GlobalSection(SolutionProperties) = preSolution
		HideSolutionNode = FALSE
	EndGlobalSection
EndGlobal
